
Microsoft Visual Studio Solution File, Format Version 10.00
# Visual Studio 2008
Project("{FAE04EC0-301F-11D3-BF4B-00C04F79EFBC}") = "GtkForms", "Gtk.Forms\GtkForms.csproj", "{ACB49736-47BC-4318-9665-CBF9D8CB34CD}"
EndProject
Project("{2150E333-8FDC-42A3-9474-1A3956D46DE8}") = "examples", "examples", "{268F213E-0C0B-4F1B-9A0D-75390188AE44}"
EndProject
Project("{FAE04EC0-301F-11D3-BF4B-00C04F79EFBC}") = "GridViewBinding", "examples\GridViewBinding\GridViewBinding.csproj", "{5AB8B974-A24C-4669-A8E0-508D24BD6132}"
EndProject
Project("{FAE04EC0-301F-11D3-BF4B-00C04F79EFBC}") = "LabelEntryBinding", "examples\LabelEntryBinding\LabelEntryBinding.csproj", "{351A47A5-A918-4E31-B143-F154CE3723DA}"
EndProject
Project("{FAE04EC0-301F-11D3-BF4B-00C04F79EFBC}") = "ComboBoxBinding", "examples\LabelEntryBinding\ComboBoxBinding\ComboBoxBinding.csproj", "{2A0BEC56-55B4-4AB8-A33D-A697B9C89C81}"
EndProject
Project("{FAE04EC0-301F-11D3-BF4B-00C04F79EFBC}") = "DatePickerDemo", "examples\DatePickerDemo\DatePickerDemo.csproj", "{FEC098C0-4C64-4002-B98E-B18CB15FB06D}"
EndProject
Project("{FAE04EC0-301F-11D3-BF4B-00C04F79EFBC}") = "TreeViewBinding", "examples\TreeViewBinding\TreeViewBinding.csproj", "{AFC13D6C-B18A-48C7-9E71-FA07EAF38DA8}"
EndProject
Project("{FAE04EC0-301F-11D3-BF4B-00C04F79EFBC}") = "ImageBinding", "examples\ImageBinding\ImageBinding.csproj", "{D0124487-DDB7-454B-9B0B-9EEF632CB7DE}"
EndProject
Global
	GlobalSection(SolutionConfigurationPlatforms) = preSolution
		Debug|Any CPU = Debug|Any CPU
		Release|Any CPU = Release|Any CPU
	EndGlobalSection
	GlobalSection(ProjectConfigurationPlatforms) = postSolution
		{2A0BEC56-55B4-4AB8-A33D-A697B9C89C81}.Debug|Any CPU.ActiveCfg = Debug|Any CPU
		{2A0BEC56-55B4-4AB8-A33D-A697B9C89C81}.Debug|Any CPU.Build.0 = Debug|Any CPU
		{2A0BEC56-55B4-4AB8-A33D-A697B9C89C81}.Release|Any CPU.ActiveCfg = Release|Any CPU
		{2A0BEC56-55B4-4AB8-A33D-A697B9C89C81}.Release|Any CPU.Build.0 = Release|Any CPU
		{351A47A5-A918-4E31-B143-F154CE3723DA}.Debug|Any CPU.ActiveCfg = Debug|Any CPU
		{351A47A5-A918-4E31-B143-F154CE3723DA}.Debug|Any CPU.Build.0 = Debug|Any CPU
		{351A47A5-A918-4E31-B143-F154CE3723DA}.Release|Any CPU.ActiveCfg = Release|Any CPU
		{351A47A5-A918-4E31-B143-F154CE3723DA}.Release|Any CPU.Build.0 = Release|Any CPU
		{5AB8B974-A24C-4669-A8E0-508D24BD6132}.Debug|Any CPU.ActiveCfg = Debug|Any CPU
		{5AB8B974-A24C-4669-A8E0-508D24BD6132}.Debug|Any CPU.Build.0 = Debug|Any CPU
		{5AB8B974-A24C-4669-A8E0-508D24BD6132}.Release|Any CPU.ActiveCfg = Release|Any CPU
		{5AB8B974-A24C-4669-A8E0-508D24BD6132}.Release|Any CPU.Build.0 = Release|Any CPU
		{ACB49736-47BC-4318-9665-CBF9D8CB34CD}.Debug|Any CPU.ActiveCfg = Debug|Any CPU
		{ACB49736-47BC-4318-9665-CBF9D8CB34CD}.Debug|Any CPU.Build.0 = Debug|Any CPU
		{ACB49736-47BC-4318-9665-CBF9D8CB34CD}.Release|Any CPU.ActiveCfg = Release|Any CPU
		{ACB49736-47BC-4318-9665-CBF9D8CB34CD}.Release|Any CPU.Build.0 = Release|Any CPU
		{AFC13D6C-B18A-48C7-9E71-FA07EAF38DA8}.Debug|Any CPU.ActiveCfg = Debug|Any CPU
		{AFC13D6C-B18A-48C7-9E71-FA07EAF38DA8}.Debug|Any CPU.Build.0 = Debug|Any CPU
		{AFC13D6C-B18A-48C7-9E71-FA07EAF38DA8}.Release|Any CPU.ActiveCfg = Release|Any CPU
		{AFC13D6C-B18A-48C7-9E71-FA07EAF38DA8}.Release|Any CPU.Build.0 = Release|Any CPU
		{D0124487-DDB7-454B-9B0B-9EEF632CB7DE}.Debug|Any CPU.ActiveCfg = Debug|Any CPU
		{D0124487-DDB7-454B-9B0B-9EEF632CB7DE}.Debug|Any CPU.Build.0 = Debug|Any CPU
		{D0124487-DDB7-454B-9B0B-9EEF632CB7DE}.Release|Any CPU.ActiveCfg = Release|Any CPU
		{D0124487-DDB7-454B-9B0B-9EEF632CB7DE}.Release|Any CPU.Build.0 = Release|Any CPU
		{FEC098C0-4C64-4002-B98E-B18CB15FB06D}.Debug|Any CPU.ActiveCfg = Debug|Any CPU
		{FEC098C0-4C64-4002-B98E-B18CB15FB06D}.Debug|Any CPU.Build.0 = Debug|Any CPU
		{FEC098C0-4C64-4002-B98E-B18CB15FB06D}.Release|Any CPU.ActiveCfg = Release|Any CPU
		{FEC098C0-4C64-4002-B98E-B18CB15FB06D}.Release|Any CPU.Build.0 = Release|Any CPU
	EndGlobalSection
	GlobalSection(NestedProjects) = preSolution
		{5AB8B974-A24C-4669-A8E0-508D24BD6132} = {268F213E-0C0B-4F1B-9A0D-75390188AE44}
		{351A47A5-A918-4E31-B143-F154CE3723DA} = {268F213E-0C0B-4F1B-9A0D-75390188AE44}
		{2A0BEC56-55B4-4AB8-A33D-A697B9C89C81} = {268F213E-0C0B-4F1B-9A0D-75390188AE44}
		{FEC098C0-4C64-4002-B98E-B18CB15FB06D} = {268F213E-0C0B-4F1B-9A0D-75390188AE44}
		{AFC13D6C-B18A-48C7-9E71-FA07EAF38DA8} = {268F213E-0C0B-4F1B-9A0D-75390188AE44}
		{D0124487-DDB7-454B-9B0B-9EEF632CB7DE} = {268F213E-0C0B-4F1B-9A0D-75390188AE44}
	EndGlobalSection
	GlobalSection(MonoDevelopProperties) = preSolution
		StartupItem = examples\ImageBinding\ImageBinding.csproj
		Policies = $0
		$0.StandardHeader = $1
		$1.Text = @\n ${FileName}\n \n Author:\n      ${AuthorName} <${AuthorEmail}>\n\n Copyright (c) ${Year} ${CopyrightHolder}\n\n This library is free software; you can redistribute it and/or modify\n it under the terms of the GNU Lesser General Public License as\n published by the Free Software Foundation; either version 2.1 of the\n License, or (at your option) any later version.\n\n This library is distributed in the hope that it will be useful, but\n WITHOUT ANY WARRANTY; without even the implied warranty of\n MERCHANTABILITY or FITNESS FOR A PARTICULAR PURPOSE. See the GNU\n Lesser General Public License for more details.\n\n You should have received a copy of the GNU Lesser General Public\n License along with this library; if not, write to the Free Software\n Foundation, Inc., 59 Temple Place, Suite 330, Boston, MA 02111-1307 USA
		$1.IncludeInNewFiles = True
		$0.VersionControlPolicy = $2
		$2.inheritsSet = Mono
		$0.ChangeLogPolicy = $3
		$3.UpdateMode = None
		$3.MessageStyle = $4
		$4.LineAlign = 0
		$3.inheritsSet = Mono
	EndGlobalSection
EndGlobal
